
Microsoft Visual Studio Solution File, Format Version 12.00
# Visual Studio Version 16
VisualStudioVersion = 16.0.31005.135
MinimumVisualStudioVersion = 10.0.40219.1
Project("{2150E333-8FDC-42A3-9474-1A3956D46DE8}") = "Source", "Source", "{5FD793D1-357A-428B-AF25-B6E68942982E}"
EndProject
Project("{2150E333-8FDC-42A3-9474-1A3956D46DE8}") = "Tests", "Tests", "{BC4EE07B-8546-4EED-8EC5-D356F83F4223}"
EndProject
Project("{FAE04EC0-301F-11D3-BF4B-00C04F79EFBC}") = "PaymentGateway.Api", "PaymentGateway.Api\PaymentGateway.Api.csproj", "{47F2167C-CE92-43C8-B114-9BA1AE40447E}"
EndProject
Project("{FAE04EC0-301F-11D3-BF4B-00C04F79EFBC}") = "PaymentGateway.Application", "PaymentGateway.Application\PaymentGateway.Application.csproj", "{BBC90112-5BC1-4F71-A81B-68C17A966DD3}"
EndProject
Project("{FAE04EC0-301F-11D3-BF4B-00C04F79EFBC}") = "PaymentGateway.Domain", "PaymentGateway.Domain\PaymentGateway.Domain.csproj", "{FB1F764B-38E7-45C7-A7DE-5A267B30186C}"
EndProject
Project("{FAE04EC0-301F-11D3-BF4B-00C04F79EFBC}") = "PaymentGateway.Infrastructure", "PaymentGateway.Infrastructure\PaymentGateway.Infrastructure.csproj", "{F91075DA-321E-45C5-B335-A7435A7157ED}"
EndProject
Project("{2150E333-8FDC-42A3-9474-1A3956D46DE8}") = "Solution Items", "Solution Items", "{F565A5DE-1BE3-4444-AA63-EDED7B8B11F1}"
	ProjectSection(SolutionItems) = preProject
		.editorconfig = .editorconfig
	EndProjectSection
EndProject
Global
	GlobalSection(SolutionConfigurationPlatforms) = preSolution
		Debug|Any CPU = Debug|Any CPU
		Release|Any CPU = Release|Any CPU
	EndGlobalSection
	GlobalSection(ProjectConfigurationPlatforms) = postSolution
		{47F2167C-CE92-43C8-B114-9BA1AE40447E}.Debug|Any CPU.ActiveCfg = Debug|Any CPU
		{47F2167C-CE92-43C8-B114-9BA1AE40447E}.Debug|Any CPU.Build.0 = Debug|Any CPU
		{47F2167C-CE92-43C8-B114-9BA1AE40447E}.Release|Any CPU.ActiveCfg = Release|Any CPU
		{47F2167C-CE92-43C8-B114-9BA1AE40447E}.Release|Any CPU.Build.0 = Release|Any CPU
		{BBC90112-5BC1-4F71-A81B-68C17A966DD3}.Debug|Any CPU.ActiveCfg = Debug|Any CPU
		{BBC90112-5BC1-4F71-A81B-68C17A966DD3}.Debug|Any CPU.Build.0 = Debug|Any CPU
		{BBC90112-5BC1-4F71-A81B-68C17A966DD3}.Release|Any CPU.ActiveCfg = Release|Any CPU
		{BBC90112-5BC1-4F71-A81B-68C17A966DD3}.Release|Any CPU.Build.0 = Release|Any CPU
		{FB1F764B-38E7-45C7-A7DE-5A267B30186C}.Debug|Any CPU.ActiveCfg = Debug|Any CPU
		{FB1F764B-38E7-45C7-A7DE-5A267B30186C}.Debug|Any CPU.Build.0 = Debug|Any CPU
		{FB1F764B-38E7-45C7-A7DE-5A267B30186C}.Release|Any CPU.ActiveCfg = Release|Any CPU
		{FB1F764B-38E7-45C7-A7DE-5A267B30186C}.Release|Any CPU.Build.0 = Release|Any CPU
		{F91075DA-321E-45C5-B335-A7435A7157ED}.Debug|Any CPU.ActiveCfg = Debug|Any CPU
		{F91075DA-321E-45C5-B335-A7435A7157ED}.Debug|Any CPU.Build.0 = Debug|Any CPU
		{F91075DA-321E-45C5-B335-A7435A7157ED}.Release|Any CPU.ActiveCfg = Release|Any CPU
		{F91075DA-321E-45C5-B335-A7435A7157ED}.Release|Any CPU.Build.0 = Release|Any CPU
	EndGlobalSection
	GlobalSection(SolutionProperties) = preSolution
		HideSolutionNode = FALSE
	EndGlobalSection
	GlobalSection(NestedProjects) = preSolution
		{47F2167C-CE92-43C8-B114-9BA1AE40447E} = {5FD793D1-357A-428B-AF25-B6E68942982E}
		{BBC90112-5BC1-4F71-A81B-68C17A966DD3} = {5FD793D1-357A-428B-AF25-B6E68942982E}
		{FB1F764B-38E7-45C7-A7DE-5A267B30186C} = {5FD793D1-357A-428B-AF25-B6E68942982E}
		{F91075DA-321E-45C5-B335-A7435A7157ED} = {5FD793D1-357A-428B-AF25-B6E68942982E}
	EndGlobalSection
	GlobalSection(ExtensibilityGlobals) = postSolution
		SolutionGuid = {AC186930-57A9-4C84-BE8F-5E5760947251}
	EndGlobalSection
EndGlobal
